
Microsoft Visual Studio Solution File, Format Version 12.00
# Visual Studio 15
VisualStudioVersion = 15.0.28307.705
MinimumVisualStudioVersion = 10.0.40219.1
Project("{9A19103F-16F7-4668-BE54-9A1E7A4F7556}") = "SkmWebApi", "SkmWebApi\SkmWebApi.csproj", "{B124FE01-A6EA-4FFF-AC5D-D39496AF2A8E}"
EndProject
Global
	GlobalSection(SolutionConfigurationPlatforms) = preSolution
		Debug|Any CPU = Debug|Any CPU
		Release|Any CPU = Release|Any CPU
	EndGlobalSection
	GlobalSection(ProjectConfigurationPlatforms) = postSolution
		{B124FE01-A6EA-4FFF-AC5D-D39496AF2A8E}.Debug|Any CPU.ActiveCfg = Debug|Any CPU
		{B124FE01-A6EA-4FFF-AC5D-D39496AF2A8E}.Debug|Any CPU.Build.0 = Debug|Any CPU
		{B124FE01-A6EA-4FFF-AC5D-D39496AF2A8E}.Release|Any CPU.ActiveCfg = Release|Any CPU
		{B124FE01-A6EA-4FFF-AC5D-D39496AF2A8E}.Release|Any CPU.Build.0 = Release|Any CPU
	EndGlobalSection
	GlobalSection(SolutionProperties) = preSolution
		HideSolutionNode = FALSE
	EndGlobalSection
	GlobalSection(ExtensibilityGlobals) = postSolution
		SolutionGuid = {EA187E30-AEE9-4E23-B0E6-D7B7EE0D4A30}
	EndGlobalSection
EndGlobal
